{
  "name": "examples",
  "version": "1.0.0",
  "lockfileVersion": 2,
  "requires": true,
  "packages": {
    "": {
      "name": "examples",
      "version": "1.0.0",
      "license": "ISC",
      "dependencies": {
        "kitty-ui": "^2.0.0"
      }
    },
    "../packages/components": {
      "name": "kitty-ui",
      "version": "2.0.0",
      "extraneous": true,
      "license": "MIT"
    },
    "../packages/utils": {
      "name": "@kitty-ui/utils",
      "version": "1.0.9",
      "extraneous": true,
      "license": "MIT"
    },
    "node_modules/kitty-ui": {
      "version": "2.0.0",
      "resolved": "https://registry.npmjs.org/kitty-ui/-/kitty-ui-2.0.0.tgz",
      "integrity": "sha512-TCyTmsUixtl5QGgeuvDN3sejoJmBe6PT2tRbtOpcM8BwhrcbyIiNDUyK9RBgh+lHzDHq8+rKq4EXXuiASllveg=="
    }
  },
  "dependencies": {
    "kitty-ui": {
      "version": "2.0.0",
      "resolved": "https://registry.npmjs.org/kitty-ui/-/kitty-ui-2.0.0.tgz",
      "integrity": "sha512-TCyTmsUixtl5QGgeuvDN3sejoJmBe6PT2tRbtOpcM8BwhrcbyIiNDUyK9RBgh+lHzDHq8+rKq4EXXuiASllveg=="
    }
  }
}
