{
  "name": "@kitty-ui/utils",
  "version": "1.0.0",
  "lockfileVersion": 2,
  "requires": true,
  "packages": {
    "": {
      "name": "@kitty-ui/utils",
      "version": "1.0.0",
      "license": "ISC",
      "dependencies": {
        "@kitty-ui/components": "^1.0.0"
      }
    },
    "node_modules/@kitty-ui/components": {
      "version": "1.0.0",
      "resolved": "https://registry.npmjs.org/@kitty-ui/components/-/components-1.0.0.tgz",
      "integrity": "sha512-54q/bOY7QDwtRtNYu6ReostUddvtMxpvCThBE69s4fXip0/OBMcNcCeiluMWHF17ZTyP8eJYnMYH20HUdhU82Q==",
      "dependencies": {
        "@kitty-ui/utils": "^1.0.0"
      }
    },
    "node_modules/@kitty-ui/utils": {
      "version": "1.0.0",
      "resolved": "https://registry.npmjs.org/@kitty-ui/utils/-/utils-1.0.0.tgz",
      "integrity": "sha512-tSVoQxf4AF+xK94sNFGI487Rhh21yK4YQodRFVYzIsO22wDwwEf4fsZ7YQs1qtB8jeD5vJWhQvDpG1FQ+Xmz0A=="
    }
  },
  "dependencies": {
    "@kitty-ui/components": {
      "version": "1.0.0",
      "resolved": "https://registry.npmjs.org/@kitty-ui/components/-/components-1.0.0.tgz",
      "integrity": "sha512-54q/bOY7QDwtRtNYu6ReostUddvtMxpvCThBE69s4fXip0/OBMcNcCeiluMWHF17ZTyP8eJYnMYH20HUdhU82Q==",
      "requires": {
        "@kitty-ui/utils": "^1.0.0"
      }
    },
    "@kitty-ui/utils": {
      "version": "1.0.0",
      "resolved": "https://registry.npmjs.org/@kitty-ui/utils/-/utils-1.0.0.tgz",
      "integrity": "sha512-tSVoQxf4AF+xK94sNFGI487Rhh21yK4YQodRFVYzIsO22wDwwEf4fsZ7YQs1qtB8jeD5vJWhQvDpG1FQ+Xmz0A=="
    }
  }
}
